
Microsoft Visual Studio Solution File, Format Version 12.00
# Visual Studio Version 16
VisualStudioVersion = 16.0.30104.148
MinimumVisualStudioVersion = 10.0.40219.1
Project("{FAE04EC0-301F-11D3-BF4B-00C04F79EFBC}") = "SlidingPuzzle", "SlidingPuzzle\SlidingPuzzle.csproj", "{9596A4A8-56E7-470F-AFAB-16D59167A687}"
EndProject
Global
	GlobalSection(SolutionConfigurationPlatforms) = preSolution
		Debug|Any CPU = Debug|Any CPU
		Release|Any CPU = Release|Any CPU
	EndGlobalSection
	GlobalSection(ProjectConfigurationPlatforms) = postSolution
		{9596A4A8-56E7-470F-AFAB-16D59167A687}.Debug|Any CPU.ActiveCfg = Debug|Any CPU
		{9596A4A8-56E7-470F-AFAB-16D59167A687}.Debug|Any CPU.Build.0 = Debug|Any CPU
		{9596A4A8-56E7-470F-AFAB-16D59167A687}.Release|Any CPU.ActiveCfg = Release|Any CPU
		{9596A4A8-56E7-470F-AFAB-16D59167A687}.Release|Any CPU.Build.0 = Release|Any CPU
	EndGlobalSection
	GlobalSection(SolutionProperties) = preSolution
		HideSolutionNode = FALSE
	EndGlobalSection
	GlobalSection(ExtensibilityGlobals) = postSolution
		SolutionGuid = {B5D2F21A-E3AC-4652-AE6C-823EE8550FFC}
	EndGlobalSection
EndGlobal
